<?xml version="1.0" encoding="utf-8"?>
<Project ToolsVersion="4.0" xmlns="http://schemas.microsoft.com/developer/msbuild/2003">
  <ItemGroup>
    <Filter Include="Source Files">
      <UniqueIdentifier>{4FC737F1-C7A5-4376-A066-2A32D752A2FF}</UniqueIdentifier>
      <Extensions>cpp;c;cc;cxx;def;odl;idl;hpj;bat;asm;asmx</Extensions>
    </Filter>
    <Filter Include="Header Files">
      <UniqueIdentifier>{93995380-89BD-4b04-88EB-625FBE52EBFB}</UniqueIdentifier>
      <Extensions>h;hh;hpp;hxx;hm;inl;inc;xsd</Extensions>
    </Filter>
    <Filter Include="Resource Files">
      <UniqueIdentifier>{67DA6AB6-F800-4c08-8B7A-83BB121AAD01}</UniqueIdentifier>
      <Extensions>rc;ico;cur;bmp;dlg;rc2;rct;bin;rgs;gif;jpg;jpeg;jpe;resx;tiff;tif;png;wav;mfcribbon-ms</Extensions>
    </Filter>
  </ItemGroup>
  <ItemGroup>
    <Text Include="ReadMe.txt" />
  </ItemGroup>
  <ItemGroup>
    <ClInclude Include="Source\libmng.h">
      <Filter>Header Files</Filter>
    </ClInclude>
    <ClInclude Include="Source\libmng_chunk_descr.h">
      <Filter>Header Files</Filter>
    </ClInclude>
    <ClInclude Include="Source\libmng_chunk_io.h">
      <Filter>Header Files</Filter>
    </ClInclude>
    <ClInclude Include="Source\libmng_chunk_prc.h">
      <Filter>Header Files</Filter>
    </ClInclude>
    <ClInclude Include="Source\libmng_chunks.h">
      <Filter>Header Files</Filter>
    </ClInclude>
    <ClInclude Include="Source\libmng_cms.h">
      <Filter>Header Files</Filter>
    </ClInclude>
    <ClInclude Include="Source\libmng_conf.h">
      <Filter>Header Files</Filter>
    </ClInclude>
    <ClInclude Include="Source\libmng_data.h">
      <Filter>Header Files</Filter>
    </ClInclude>
    <ClInclude Include="Source\libmng_display.h">
      <Filter>Header Files</Filter>
    </ClInclude>
    <ClInclude Include="Source\libmng_dither.h">
      <Filter>Header Files</Filter>
    </ClInclude>
    <ClInclude Include="Source\libmng_error.h">
      <Filter>Header Files</Filter>
    </ClInclude>
    <ClInclude Include="Source\libmng_filter.h">
      <Filter>Header Files</Filter>
    </ClInclude>
    <ClInclude Include="Source\libmng_jpeg.h">
      <Filter>Header Files</Filter>
    </ClInclude>
    <ClInclude Include="Source\libmng_memory.h">
      <Filter>Header Files</Filter>
    </ClInclude>
    <ClInclude Include="Source\libmng_object_prc.h">
      <Filter>Header Files</Filter>
    </ClInclude>
    <ClInclude Include="Source\libmng_objects.h">
      <Filter>Header Files</Filter>
    </ClInclude>
    <ClInclude Include="Source\libmng_pixels.h">
      <Filter>Header Files</Filter>
    </ClInclude>
    <ClInclude Include="Source\libmng_read.h">
      <Filter>Header Files</Filter>
    </ClInclude>
    <ClInclude Include="Source\libmng_trace.h">
      <Filter>Header Files</Filter>
    </ClInclude>
    <ClInclude Include="Source\libmng_types.h">
      <Filter>Header Files</Filter>
    </ClInclude>
    <ClInclude Include="Source\libmng_write.h">
      <Filter>Header Files</Filter>
    </ClInclude>
    <ClInclude Include="Source\libmng_zlib.h">
      <Filter>Header Files</Filter>
    </ClInclude>
  </ItemGroup>
  <ItemGroup>
    <ClCompile Include="Source\libmng_callback_xs.c">
      <Filter>Source Files</Filter>
    </ClCompile>
    <ClCompile Include="Source\libmng_chunk_descr.c">
      <Filter>Source Files</Filter>
    </ClCompile>
    <ClCompile Include="Source\libmng_chunk_io.c">
      <Filter>Source Files</Filter>
    </ClCompile>
    <ClCompile Include="Source\libmng_chunk_prc.c">
      <Filter>Source Files</Filter>
    </ClCompile>
    <ClCompile Include="Source\libmng_chunk_xs.c">
      <Filter>Source Files</Filter>
    </ClCompile>
    <ClCompile Include="Source\libmng_cms.c">
      <Filter>Source Files</Filter>
    </ClCompile>
    <ClCompile Include="Source\libmng_display.c">
      <Filter>Source Files</Filter>
    </ClCompile>
    <ClCompile Include="Source\libmng_dither.c">
      <Filter>Source Files</Filter>
    </ClCompile>
    <ClCompile Include="Source\libmng_error.c">
      <Filter>Source Files</Filter>
    </ClCompile>
    <ClCompile Include="Source\libmng_filter.c">
      <Filter>Source Files</Filter>
    </ClCompile>
    <ClCompile Include="Source\libmng_hlapi.c">
      <Filter>Source Files</Filter>
    </ClCompile>
    <ClCompile Include="Source\libmng_jpeg.c">
      <Filter>Source Files</Filter>
    </ClCompile>
    <ClCompile Include="Source\libmng_object_prc.c">
      <Filter>Source Files</Filter>
    </ClCompile>
    <ClCompile Include="Source\libmng_pixels.c">
      <Filter>Source Files</Filter>
    </ClCompile>
    <ClCompile Include="Source\libmng_prop_xs.c">
      <Filter>Source Files</Filter>
    </ClCompile>
    <ClCompile Include="Source\libmng_read.c">
      <Filter>Source Files</Filter>
    </ClCompile>
    <ClCompile Include="Source\libmng_trace.c">
      <Filter>Source Files</Filter>
    </ClCompile>
    <ClCompile Include="Source\libmng_write.c">
      <Filter>Source Files</Filter>
    </ClCompile>
    <ClCompile Include="Source\libmng_zlib.c">
      <Filter>Source Files</Filter>
    </ClCompile>
  </ItemGroup>
</Project>